
Microsoft Visual Studio Solution File, Format Version 12.00
# Visual Studio Version 16
VisualStudioVersion = 16.0.32002.261
MinimumVisualStudioVersion = 10.0.40219.1
Project("{FAE04EC0-301F-11D3-BF4B-00C04F79EFBC}") = "MySystem", "主界面\MySystem.csproj", "{34912F32-F6D2-4463-A92A-A5C7860A5048}"
EndProject
Project("{2150E333-8FDC-42A3-9474-1A3956D46DE8}") = "Solution Items", "Solution Items", "{D39CBAA3-D5A2-4AE8-BC2F-A141F5068CC7}"
	ProjectSection(SolutionItems) = preProject
		主界面\坐标系转换.ico = 主界面\坐标系转换.ico
		主界面\大地测量学.ico = 主界面\大地测量学.ico
		主界面\转换过程.BMP = 主界面\转换过程.BMP
		配置文件.txt = 配置文件.txt
		项目开发日志.txt = 项目开发日志.txt
	EndProjectSection
EndProject
Global
	GlobalSection(SolutionConfigurationPlatforms) = preSolution
		Debug|Any CPU = Debug|Any CPU
		Release|Any CPU = Release|Any CPU
	EndGlobalSection
	GlobalSection(ProjectConfigurationPlatforms) = postSolution
		{34912F32-F6D2-4463-A92A-A5C7860A5048}.Debug|Any CPU.ActiveCfg = Debug|Any CPU
		{34912F32-F6D2-4463-A92A-A5C7860A5048}.Debug|Any CPU.Build.0 = Debug|Any CPU
		{34912F32-F6D2-4463-A92A-A5C7860A5048}.Release|Any CPU.ActiveCfg = Release|Any CPU
		{34912F32-F6D2-4463-A92A-A5C7860A5048}.Release|Any CPU.Build.0 = Release|Any CPU
	EndGlobalSection
	GlobalSection(SolutionProperties) = preSolution
		HideSolutionNode = FALSE
	EndGlobalSection
	GlobalSection(ExtensibilityGlobals) = postSolution
		SolutionGuid = {6A48F7B9-1AFC-4359-8518-E3249184A214}
	EndGlobalSection
EndGlobal
